{
  "name": "opencortex-memory",
  "version": "0.6.4",
  "lockfileVersion": 3,
  "requires": true,
  "packages": {
    "": {
      "name": "opencortex-memory",
      "version": "0.6.4",
      "license": "MIT",
      "dependencies": {
        "undici": "^7.24.6"
      },
      "bin": {
        "opencortex-cli": "bin/oc-cli.mjs",
        "opencortex-mcp": "lib/mcp-server.mjs",
        "opencortex-memory": "lib/mcp-server.mjs"
      },
      "engines": {
        "node": ">=18"
      }
    },
    "node_modules/undici": {
      "version": "7.24.6",
      "resolved": "https://registry.npmjs.org/undici/-/undici-7.24.6.tgz",
      "integrity": "sha512-Xi4agocCbRzt0yYMZGMA6ApD7gvtUFaxm4ZmeacWI4cZxaF6C+8I8QfofC20NAePiB/IcvZmzkJ7XPa471AEtA==",
      "license": "MIT",
      "engines": {
        "node": ">=20.18.1"
      }
    }
  }
}
